// !$*UTF8*$!
{
	archiveVersion = 1;
	classes = {
	};
	objectVersion = 50;
	objects = {

/* Begin PBXBuildFile section */
		5C4AC32320FDD7A80021F350 /* AppDelegate.swift in Sources */ = {isa = PBXBuildFile; fileRef = 5C4AC32220FDD7A80021F350 /* AppDelegate.swift */; };
		5C4AC32520FDD7A80021F350 /* ViewController.swift in Sources */ = {isa = PBXBuildFile; fileRef = 5C4AC32420FDD7A80021F350 /* ViewController.swift */; };
		5C4AC32820FDD7A80021F350 /* Main.storyboard in Resources */ = {isa = PBXBuildFile; fileRef = 5C4AC32620FDD7A80021F350 /* Main.storyboard */; };
		5C4AC32A20FDD7AA0021F350 /* Assets.xcassets in Resources */ = {isa = PBXBuildFile; fileRef = 5C4AC32920FDD7AA0021F350 /* Assets.xcassets */; };
		5C4AC32D20FDD7AA0021F350 /* LaunchScreen.storyboard in Resources */ = {isa = PBXBuildFile; fileRef = 5C4AC32B20FDD7AA0021F350 /* LaunchScreen.storyboard */; };
		5C4AC33820FDD7AA0021F350 /* DownloadCenterTests.swift in Sources */ = {isa = PBXBuildFile; fileRef = 5C4AC33720FDD7AA0021F350 /* DownloadCenterTests.swift */; };
		5C4AC34320FDD7AA0021F350 /* DownloadCenterUITests.swift in Sources */ = {isa = PBXBuildFile; fileRef = 5C4AC34220FDD7AA0021F350 /* DownloadCenterUITests.swift */; };
/* End PBXBuildFile section */

/* Begin PBXContainerItemProxy section */
		5C4AC33420FDD7AA0021F350 /* PBXContainerItemProxy */ = {
			isa = PBXContainerItemProxy;
			containerPortal = 5C4AC31720FDD7A80021F350 /* Project object */;
			proxyType = 1;
			remoteGlobalIDString = 5C4AC31E20FDD7A80021F350;
			remoteInfo = DownloadCenter;
		};
		5C4AC33F20FDD7AA0021F350 /* PBXContainerItemProxy */ = {
			isa = PBXContainerItemProxy;
			containerPortal = 5C4AC31720FDD7A80021F350 /* Project object */;
			proxyType = 1;
			remoteGlobalIDString = 5C4AC31E20FDD7A80021F350;
			remoteInfo = DownloadCenter;
		};
/* End PBXContainerItemProxy section */

/* Begin PBXFileReference section */
		5C4AC31F20FDD7A80021F350 /* DownloadCenter.app */ = {isa = PBXFileReference; explicitFileType = wrapper.application; includeInIndex = 0; path = DownloadCenter.app; sourceTree = BUILT_PRODUCTS_DIR; };
		5C4AC32220FDD7A80021F350 /* AppDelegate.swift */ = {isa = PBXFileReference; lastKnownFileType = sourcecode.swift; path = AppDelegate.swift; sourceTree = "<group>"; };
		5C4AC32420FDD7A80021F350 /* ViewController.swift */ = {isa = PBXFileReference; lastKnownFileType = sourcecode.swift; path = ViewController.swift; sourceTree = "<group>"; };
		5C4AC32720FDD7A80021F350 /* Base */ = {isa = PBXFileReference; lastKnownFileType = file.storyboard; name = Base; path = Base.lproj/Main.storyboard; sourceTree = "<group>"; };
		5C4AC32920FDD7AA0021F350 /* Assets.xcassets */ = {isa = PBXFileReference; lastKnownFileType = folder.assetcatalog; path = Assets.xcassets; sourceTree = "<group>"; };
		5C4AC32C20FDD7AA0021F350 /* Base */ = {isa = PBXFileReference; lastKnownFileType = file.storyboard; name = Base; path = Base.lproj/LaunchScreen.storyboard; sourceTree = "<group>"; };
		5C4AC32E20FDD7AA0021F350 /* Info.plist */ = {isa = PBXFileReference; lastKnownFileType = text.plist.xml; path = Info.plist; sourceTree = "<group>"; };
		5C4AC33320FDD7AA0021F350 /* DownloadCenterTests.xctest */ = {isa = PBXFileReference; explicitFileType = wrapper.cfbundle; includeInIndex = 0; path = DownloadCenterTests.xctest; sourceTree = BUILT_PRODUCTS_DIR; };
		5C4AC33720FDD7AA0021F350 /* DownloadCenterTests.swift */ = {isa = PBXFileReference; lastKnownFileType = sourcecode.swift; path = DownloadCenterTests.swift; sourceTree = "<group>"; };
		5C4AC33920FDD7AA0021F350 /* Info.plist */ = {isa = PBXFileReference; lastKnownFileType = text.plist.xml; path = Info.plist; sourceTree = "<group>"; };
		5C4AC33E20FDD7AA0021F350 /* DownloadCenterUITests.xctest */ = {isa = PBXFileReference; explicitFileType = wrapper.cfbundle; includeInIndex = 0; path = DownloadCenterUITests.xctest; sourceTree = BUILT_PRODUCTS_DIR; };
		5C4AC34220FDD7AA0021F350 /* DownloadCenterUITests.swift */ = {isa = PBXFileReference; lastKnownFileType = sourcecode.swift; path = DownloadCenterUITests.swift; sourceTree = "<group>"; };
		5C4AC34420FDD7AA0021F350 /* Info.plist */ = {isa = PBXFileReference; lastKnownFileType = text.plist.xml; path = Info.plist; sourceTree = "<group>"; };
/* End PBXFileReference section */

/* Begin PBXFrameworksBuildPhase section */
		5C4AC31C20FDD7A80021F350 /* Frameworks */ = {
			isa = PBXFrameworksBuildPhase;
			buildActionMask = 2147483647;
			files = (
			);
			runOnlyForDeploymentPostprocessing = 0;
		};
		5C4AC33020FDD7AA0021F350 /* Frameworks */ = {
			isa = PBXFrameworksBuildPhase;
			buildActionMask = 2147483647;
			files = (
			);
			runOnlyForDeploymentPostprocessing = 0;
		};
		5C4AC33B20FDD7AA0021F350 /* Frameworks */ = {
			isa = PBXFrameworksBuildPhase;
			buildActionMask = 2147483647;
			files = (
			);
			runOnlyForDeploymentPostprocessing = 0;
		};
/* End PBXFrameworksBuildPhase section */

/* Begin PBXGroup section */
		5C4AC31620FDD7A80021F350 = {
			isa = PBXGroup;
			children = (
				5C4AC32120FDD7A80021F350 /* DownloadCenter */,
				5C4AC33620FDD7AA0021F350 /* DownloadCenterTests */,
				5C4AC34120FDD7AA0021F350 /* DownloadCenterUITests */,
				5C4AC32020FDD7A80021F350 /* Products */,
			);
			sourceTree = "<group>";
		};
		5C4AC32020FDD7A80021F350 /* Products */ = {
			isa = PBXGroup;
			children = (
				5C4AC31F20FDD7A80021F350 /* DownloadCenter.app */,
				5C4AC33320FDD7AA0021F350 /* DownloadCenterTests.xctest */,
				5C4AC33E20FDD7AA0021F350 /* DownloadCenterUITests.xctest */,
			);
			name = Products;
			sourceTree = "<group>";
		};
		5C4AC32120FDD7A80021F350 /* DownloadCenter */ = {
			isa = PBXGroup;
			children = (
				5C4AC32220FDD7A80021F350 /* AppDelegate.swift */,
				5C4AC32420FDD7A80021F350 /* ViewController.swift */,
				5C4AC32620FDD7A80021F350 /* Main.storyboard */,
				5C4AC32920FDD7AA0021F350 /* Assets.xcassets */,
				5C4AC32B20FDD7AA0021F350 /* LaunchScreen.storyboard */,
				5C4AC32E20FDD7AA0021F350 /* Info.plist */,
			);
			path = DownloadCenter;
			sourceTree = "<group>";
		};
		5C4AC33620FDD7AA0021F350 /* DownloadCenterTests */ = {
			isa = PBXGroup;
			children = (
				5C4AC33720FDD7AA0021F350 /* DownloadCenterTests.swift */,
				5C4AC33920FDD7AA0021F350 /* Info.plist */,
			);
			path = DownloadCenterTests;
			sourceTree = "<group>";
		};
		5C4AC34120FDD7AA0021F350 /* DownloadCenterUITests */ = {
			isa = PBXGroup;
			children = (
				5C4AC34220FDD7AA0021F350 /* DownloadCenterUITests.swift */,
				5C4AC34420FDD7AA0021F350 /* Info.plist */,
			);
			path = DownloadCenterUITests;
			sourceTree = "<group>";
		};
/* End PBXGroup section */

/* Begin PBXNativeTarget section */
		5C4AC31E20FDD7A80021F350 /* DownloadCenter */ = {
			isa = PBXNativeTarget;
			buildConfigurationList = 5C4AC34720FDD7AA0021F350 /* Build configuration list for PBXNativeTarget "DownloadCenter" */;
			buildPhases = (
				5C4AC31B20FDD7A80021F350 /* Sources */,
				5C4AC31C20FDD7A80021F350 /* Frameworks */,
				5C4AC31D20FDD7A80021F350 /* Resources */,
			);
			buildRules = (
			);
			dependencies = (
			);
			name = DownloadCenter;
			productName = DownloadCenter;
			productReference = 5C4AC31F20FDD7A80021F350 /* DownloadCenter.app */;
			productType = "com.apple.product-type.application";
		};
		5C4AC33220FDD7AA0021F350 /* DownloadCenterTests */ = {
			isa = PBXNativeTarget;
			buildConfigurationList = 5C4AC34A20FDD7AA0021F350 /* Build configuration list for PBXNativeTarget "DownloadCenterTests" */;
			buildPhases = (
				5C4AC32F20FDD7AA0021F350 /* Sources */,
				5C4AC33020FDD7AA0021F350 /* Frameworks */,
				5C4AC33120FDD7AA0021F350 /* Resources */,
			);
			buildRules = (
			);
			dependencies = (
				5C4AC33520FDD7AA0021F350 /* PBXTargetDependency */,
			);
			name = DownloadCenterTests;
			productName = DownloadCenterTests;
			productReference = 5C4AC33320FDD7AA0021F350 /* DownloadCenterTests.xctest */;
			productType = "com.apple.product-type.bundle.unit-test";
		};
		5C4AC33D20FDD7AA0021F350 /* DownloadCenterUITests */ = {
			isa = PBXNativeTarget;
			buildConfigurationList = 5C4AC34D20FDD7AA0021F350 /* Build configuration list for PBXNativeTarget "DownloadCenterUITests" */;
			buildPhases = (
				5C4AC33A20FDD7AA0021F350 /* Sources */,
				5C4AC33B20FDD7AA0021F350 /* Frameworks */,
				5C4AC33C20FDD7AA0021F350 /* Resources */,
			);
			buildRules = (
			);
			dependencies = (
				5C4AC34020FDD7AA0021F350 /* PBXTargetDependency */,
			);
			name = DownloadCenterUITests;
			productName = DownloadCenterUITests;
			productReference = 5C4AC33E20FDD7AA0021F350 /* DownloadCenterUITests.xctest */;
			productType = "com.apple.product-type.bundle.ui-testing";
		};
/* End PBXNativeTarget section */

/* Begin PBXProject section */
		5C4AC31720FDD7A80021F350 /* Project object */ = {
			isa = PBXProject;
			attributes = {
				LastSwiftUpdateCheck = 0930;
				LastUpgradeCheck = 0930;
				ORGANIZATIONNAME = haiyang_wang;
				TargetAttributes = {
					5C4AC31E20FDD7A80021F350 = {
						CreatedOnToolsVersion = 9.3;
					};
					5C4AC33220FDD7AA0021F350 = {
						CreatedOnToolsVersion = 9.3;
						TestTargetID = 5C4AC31E20FDD7A80021F350;
					};
					5C4AC33D20FDD7AA0021F350 = {
						CreatedOnToolsVersion = 9.3;
						TestTargetID = 5C4AC31E20FDD7A80021F350;
					};
				};
			};
			buildConfigurationList = 5C4AC31A20FDD7A80021F350 /* Build configuration list for PBXProject "DownloadCenter" */;
			compatibilityVersion = "Xcode 9.3";
			developmentRegion = en;
			hasScannedForEncodings = 0;
			knownRegions = (
				en,
				Base,
			);
			mainGroup = 5C4AC31620FDD7A80021F350;
			productRefGroup = 5C4AC32020FDD7A80021F350 /* Products */;
			projectDirPath = "";
			projectRoot = "";
			targets = (
				5C4AC31E20FDD7A80021F350 /* DownloadCenter */,
				5C4AC33220FDD7AA0021F350 /* DownloadCenterTests */,
				5C4AC33D20FDD7AA0021F350 /* DownloadCenterUITests */,
			);
		};
/* End PBXProject section */

/* Begin PBXResourcesBuildPhase section */
		5C4AC31D20FDD7A80021F350 /* Resources */ = {
			isa = PBXResourcesBuildPhase;
			buildActionMask = 2147483647;
			files = (
				5C4AC32D20FDD7AA0021F350 /* LaunchScreen.storyboard in Resources */,
				5C4AC32A20FDD7AA0021F350 /* Assets.xcassets in Resources */,
				5C4AC32820FDD7A80021F350 /* Main.storyboard in Resources */,
			);
			runOnlyForDeploymentPostprocessing = 0;
		};
		5C4AC33120FDD7AA0021F350 /* Resources */ = {
			isa = PBXResourcesBuildPhase;
			buildActionMask = 2147483647;
			files = (
			);
			runOnlyForDeploymentPostprocessing = 0;
		};
		5C4AC33C20FDD7AA0021F350 /* Resources */ = {
			isa = PBXResourcesBuildPhase;
			buildActionMask = 2147483647;
			files = (
			);
			runOnlyForDeploymentPostprocessing = 0;
		};
/* End PBXResourcesBuildPhase section */

/* Begin PBXSourcesBuildPhase section */
		5C4AC31B20FDD7A80021F350 /* Sources */ = {
			isa = PBXSourcesBuildPhase;
			buildActionMask = 2147483647;
			files = (
				5C4AC32520FDD7A80021F350 /* ViewController.swift in Sources */,
				5C4AC32320FDD7A80021F350 /* AppDelegate.swift in Sources */,
			);
			runOnlyForDeploymentPostprocessing = 0;
		};
		5C4AC32F20FDD7AA0021F350 /* Sources */ = {
			isa = PBXSourcesBuildPhase;
			buildActionMask = 2147483647;
			files = (
				5C4AC33820FDD7AA0021F350 /* DownloadCenterTests.swift in Sources */,
			);
			runOnlyForDeploymentPostprocessing = 0;
		};
		5C4AC33A20FDD7AA0021F350 /* Sources */ = {
			isa = PBXSourcesBuildPhase;
			buildActionMask = 2147483647;
			files = (
				5C4AC34320FDD7AA0021F350 /* DownloadCenterUITests.swift in Sources */,
			);
			runOnlyForDeploymentPostprocessing = 0;
		};
/* End PBXSourcesBuildPhase section */

/* Begin PBXTargetDependency section */
		5C4AC33520FDD7AA0021F350 /* PBXTargetDependency */ = {
			isa = PBXTargetDependency;
			target = 5C4AC31E20FDD7A80021F350 /* DownloadCenter */;
			targetProxy = 5C4AC33420FDD7AA0021F350 /* PBXContainerItemProxy */;
		};
		5C4AC34020FDD7AA0021F350 /* PBXTargetDependency */ = {
			isa = PBXTargetDependency;
			target = 5C4AC31E20FDD7A80021F350 /* DownloadCenter */;
			targetProxy = 5C4AC33F20FDD7AA0021F350 /* PBXContainerItemProxy */;
		};
/* End PBXTargetDependency section */

/* Begin PBXVariantGroup section */
		5C4AC32620FDD7A80021F350 /* Main.storyboard */ = {
			isa = PBXVariantGroup;
			children = (
				5C4AC32720FDD7A80021F350 /* Base */,
			);
			name = Main.storyboard;
			sourceTree = "<group>";
		};
		5C4AC32B20FDD7AA0021F350 /* LaunchScreen.storyboard */ = {
			isa = PBXVariantGroup;
			children = (
				5C4AC32C20FDD7AA0021F350 /* Base */,
			);
			name = LaunchScreen.storyboard;
			sourceTree = "<group>";
		};
/* End PBXVariantGroup section */

/* Begin XCBuildConfiguration section */
		5C4AC34520FDD7AA0021F350 /* Debug */ = {
			isa = XCBuildConfiguration;
			buildSettings = {
				ALWAYS_SEARCH_USER_PATHS = NO;
				CLANG_ANALYZER_NONNULL = YES;
				CLANG_ANALYZER_NUMBER_OBJECT_CONVERSION = YES_AGGRESSIVE;
				CLANG_CXX_LANGUAGE_STANDARD = "gnu++14";
				CLANG_CXX_LIBRARY = "libc++";
				CLANG_ENABLE_MODULES = YES;
				CLANG_ENABLE_OBJC_ARC = YES;
				CLANG_ENABLE_OBJC_WEAK = YES;
				CLANG_WARN_BLOCK_CAPTURE_AUTORELEASING = YES;
				CLANG_WARN_BOOL_CONVERSION = YES;
				CLANG_WARN_COMMA = YES;
				CLANG_WARN_CONSTANT_CONVERSION = YES;
				CLANG_WARN_DEPRECATED_OBJC_IMPLEMENTATIONS = YES;
				CLANG_WARN_DIRECT_OBJC_ISA_USAGE = YES_ERROR;
				CLANG_WARN_DOCUMENTATION_COMMENTS = YES;
				CLANG_WARN_EMPTY_BODY = YES;
				CLANG_WARN_ENUM_CONVERSION = YES;
				CLANG_WARN_INFINITE_RECURSION = YES;
				CLANG_WARN_INT_CONVERSION = YES;
				CLANG_WARN_NON_LITERAL_NULL_CONVERSION = YES;
				CLANG_WARN_OBJC_IMPLICIT_RETAIN_SELF = YES;
				CLANG_WARN_OBJC_LITERAL_CONVERSION = YES;
				CLANG_WARN_OBJC_ROOT_CLASS = YES_ERROR;
				CLANG_WARN_RANGE_LOOP_ANALYSIS = YES;
				CLANG_WARN_STRICT_PROTOTYPES = YES;
				CLANG_WARN_SUSPICIOUS_MOVE = YES;
				CLANG_WARN_UNGUARDED_AVAILABILITY = YES_AGGRESSIVE;
				CLANG_WARN_UNREACHABLE_CODE = YES;
				CLANG_WARN__DUPLICATE_METHOD_MATCH = YES;
				CODE_SIGN_IDENTITY = "iPhone Developer";
				COPY_PHASE_STRIP = NO;
				DEBUG_INFORMATION_FORMAT = dwarf;
				ENABLE_STRICT_OBJC_MSGSEND = YES;
				ENABLE_TESTABILITY = YES;
				GCC_C_LANGUAGE_STANDARD = gnu11;
				GCC_DYNAMIC_NO_PIC = NO;
				GCC_NO_COMMON_BLOCKS = YES;
				GCC_OPTIMIZATION_LEVEL = 0;
				GCC_PREPROCESSOR_DEFINITIONS = (
					"DEBUG=1",
					"$(inherited)",
				);
				GCC_WARN_64_TO_32_BIT_CONVERSION = YES;
				GCC_WARN_ABOUT_RETURN_TYPE = YES_ERROR;
				GCC_WARN_UNDECLARED_SELECTOR = YES;
				GCC_WARN_UNINITIALIZED_AUTOS = YES_AGGRESSIVE;
				GCC_WARN_UNUSED_FUNCTION = YES;
				GCC_WARN_UNUSED_VARIABLE = YES;
				IPHONEOS_DEPLOYMENT_TARGET = 11.3;
				MTL_ENABLE_DEBUG_INFO = YES;
				ONLY_ACTIVE_ARCH = YES;
				SDKROOT = iphoneos;
				SWIFT_ACTIVE_COMPILATION_CONDITIONS = DEBUG;
				SWIFT_OPTIMIZATION_LEVEL = "-Onone";
			};
			name = Debug;
		};
		5C4AC34620FDD7AA0021F350 /* Release */ = {
			isa = XCBuildConfiguration;
			buildSettings = {
				ALWAYS_SEARCH_USER_PATHS = NO;
				CLANG_ANALYZER_NONNULL = YES;
				CLANG_ANALYZER_NUMBER_OBJECT_CONVERSION = YES_AGGRESSIVE;
				CLANG_CXX_LANGUAGE_STANDARD = "gnu++14";
				CLANG_CXX_LIBRARY = "libc++";
				CLANG_ENABLE_MODULES = YES;
				CLANG_ENABLE_OBJC_ARC = YES;
				CLANG_ENABLE_OBJC_WEAK = YES;
				CLANG_WARN_BLOCK_CAPTURE_AUTORELEASING = YES;
				CLANG_WARN_BOOL_CONVERSION = YES;
				CLANG_WARN_COMMA = YES;
				CLANG_WARN_CONSTANT_CONVERSION = YES;
				CLANG_WARN_DEPRECATED_OBJC_IMPLEMENTATIONS = YES;
				CLANG_WARN_DIRECT_OBJC_ISA_USAGE = YES_ERROR;
				CLANG_WARN_DOCUMENTATION_COMMENTS = YES;
				CLANG_WARN_EMPTY_BODY = YES;
				CLANG_WARN_ENUM_CONVERSION = YES;
				CLANG_WARN_INFINITE_RECURSION = YES;
				CLANG_WARN_INT_CONVERSION = YES;
				CLANG_WARN_NON_LITERAL_NULL_CONVERSION = YES;
				CLANG_WARN_OBJC_IMPLICIT_RETAIN_SELF = YES;
				CLANG_WARN_OBJC_LITERAL_CONVERSION = YES;
				CLANG_WARN_OBJC_ROOT_CLASS = YES_ERROR;
				CLANG_WARN_RANGE_LOOP_ANALYSIS = YES;
				CLANG_WARN_STRICT_PROTOTYPES = YES;
				CLANG_WARN_SUSPICIOUS_MOVE = YES;
				CLANG_WARN_UNGUARDED_AVAILABILITY = YES_AGGRESSIVE;
				CLANG_WARN_UNREACHABLE_CODE = YES;
				CLANG_WARN__DUPLICATE_METHOD_MATCH = YES;
				CODE_SIGN_IDENTITY = "iPhone Developer";
				COPY_PHASE_STRIP = NO;
				DEBUG_INFORMATION_FORMAT = "dwarf-with-dsym";
				ENABLE_NS_ASSERTIONS = NO;
				ENABLE_STRICT_OBJC_MSGSEND = YES;
				GCC_C_LANGUAGE_STANDARD = gnu11;
				GCC_NO_COMMON_BLOCKS = YES;
				GCC_WARN_64_TO_32_BIT_CONVERSION = YES;
				GCC_WARN_ABOUT_RETURN_TYPE = YES_ERROR;
				GCC_WARN_UNDECLARED_SELECTOR = YES;
				GCC_WARN_UNINITIALIZED_AUTOS = YES_AGGRESSIVE;
				GCC_WARN_UNUSED_FUNCTION = YES;
				GCC_WARN_UNUSED_VARIABLE = YES;
				IPHONEOS_DEPLOYMENT_TARGET = 11.3;
				MTL_ENABLE_DEBUG_INFO = NO;
				SDKROOT = iphoneos;
				SWIFT_COMPILATION_MODE = wholemodule;
				SWIFT_OPTIMIZATION_LEVEL = "-O";
				VALIDATE_PRODUCT = YES;
			};
			name = Release;
		};
		5C4AC34820FDD7AA0021F350 /* Debug */ = {
			isa = XCBuildConfiguration;
			buildSettings = {
				ASSETCATALOG_COMPILER_APPICON_NAME = AppIcon;
				CODE_SIGN_STYLE = Automatic;
				DEVELOPMENT_TEAM = APZXVAVRF6;
				INFOPLIST_FILE = DownloadCenter/Info.plist;
				LD_RUNPATH_SEARCH_PATHS = (
					"$(inherited)",
					"@executable_path/Frameworks",
				);
				PRODUCT_BUNDLE_IDENTIFIER = "Hiveview-wanghaiyang.DownloadCenter";
				PRODUCT_NAME = "$(TARGET_NAME)";
				SWIFT_VERSION = 4.0;
				TARGETED_DEVICE_FAMILY = "1,2";
			};
			name = Debug;
		};
		5C4AC34920FDD7AA0021F350 /* Release */ = {
			isa = XCBuildConfiguration;
			buildSettings = {
				ASSETCATALOG_COMPILER_APPICON_NAME = AppIcon;
				CODE_SIGN_STYLE = Automatic;
				DEVELOPMENT_TEAM = APZXVAVRF6;
				INFOPLIST_FILE = DownloadCenter/Info.plist;
				LD_RUNPATH_SEARCH_PATHS = (
					"$(inherited)",
					"@executable_path/Frameworks",
				);
				PRODUCT_BUNDLE_IDENTIFIER = "Hiveview-wanghaiyang.DownloadCenter";
				PRODUCT_NAME = "$(TARGET_NAME)";
				SWIFT_VERSION = 4.0;
				TARGETED_DEVICE_FAMILY = "1,2";
			};
			name = Release;
		};
		5C4AC34B20FDD7AA0021F350 /* Debug */ = {
			isa = XCBuildConfiguration;
			buildSettings = {
				ALWAYS_EMBED_SWIFT_STANDARD_LIBRARIES = YES;
				BUNDLE_LOADER = "$(TEST_HOST)";
				CODE_SIGN_STYLE = Automatic;
				DEVELOPMENT_TEAM = APZXVAVRF6;
				INFOPLIST_FILE = DownloadCenterTests/Info.plist;
				LD_RUNPATH_SEARCH_PATHS = (
					"$(inherited)",
					"@executable_path/Frameworks",
					"@loader_path/Frameworks",
				);
				PRODUCT_BUNDLE_IDENTIFIER = "Hiveview-wanghaiyang.DownloadCenterTests";
				PRODUCT_NAME = "$(TARGET_NAME)";
				SWIFT_VERSION = 4.0;
				TARGETED_DEVICE_FAMILY = "1,2";
				TEST_HOST = "$(BUILT_PRODUCTS_DIR)/DownloadCenter.app/DownloadCenter";
			};
			name = Debug;
		};
		5C4AC34C20FDD7AA0021F350 /* Release */ = {
			isa = XCBuildConfiguration;
			buildSettings = {
				ALWAYS_EMBED_SWIFT_STANDARD_LIBRARIES = YES;
				BUNDLE_LOADER = "$(TEST_HOST)";
				CODE_SIGN_STYLE = Automatic;
				DEVELOPMENT_TEAM = APZXVAVRF6;
				INFOPLIST_FILE = DownloadCenterTests/Info.plist;
				LD_RUNPATH_SEARCH_PATHS = (
					"$(inherited)",
					"@executable_path/Frameworks",
					"@loader_path/Frameworks",
				);
				PRODUCT_BUNDLE_IDENTIFIER = "Hiveview-wanghaiyang.DownloadCenterTests";
				PRODUCT_NAME = "$(TARGET_NAME)";
				SWIFT_VERSION = 4.0;
				TARGETED_DEVICE_FAMILY = "1,2";
				TEST_HOST = "$(BUILT_PRODUCTS_DIR)/DownloadCenter.app/DownloadCenter";
			};
			name = Release;
		};
		5C4AC34E20FDD7AA0021F350 /* Debug */ = {
			isa = XCBuildConfiguration;
			buildSettings = {
				ALWAYS_EMBED_SWIFT_STANDARD_LIBRARIES = YES;
				CODE_SIGN_STYLE = Automatic;
				DEVELOPMENT_TEAM = APZXVAVRF6;
				INFOPLIST_FILE = DownloadCenterUITests/Info.plist;
				LD_RUNPATH_SEARCH_PATHS = (
					"$(inherited)",
					"@executable_path/Frameworks",
					"@loader_path/Frameworks",
				);
				PRODUCT_BUNDLE_IDENTIFIER = "Hiveview-wanghaiyang.DownloadCenterUITests";
				PRODUCT_NAME = "$(TARGET_NAME)";
				SWIFT_VERSION = 4.0;
				TARGETED_DEVICE_FAMILY = "1,2";
				TEST_TARGET_NAME = DownloadCenter;
			};
			name = Debug;
		};
		5C4AC34F20FDD7AA0021F350 /* Release */ = {
			isa = XCBuildConfiguration;
			buildSettings = {
				ALWAYS_EMBED_SWIFT_STANDARD_LIBRARIES = YES;
				CODE_SIGN_STYLE = Automatic;
				DEVELOPMENT_TEAM = APZXVAVRF6;
				INFOPLIST_FILE = DownloadCenterUITests/Info.plist;
				LD_RUNPATH_SEARCH_PATHS = (
					"$(inherited)",
					"@executable_path/Frameworks",
					"@loader_path/Frameworks",
				);
				PRODUCT_BUNDLE_IDENTIFIER = "Hiveview-wanghaiyang.DownloadCenterUITests";
				PRODUCT_NAME = "$(TARGET_NAME)";
				SWIFT_VERSION = 4.0;
				TARGETED_DEVICE_FAMILY = "1,2";
				TEST_TARGET_NAME = DownloadCenter;
			};
			name = Release;
		};
/* End XCBuildConfiguration section */

/* Begin XCConfigurationList section */
		5C4AC31A20FDD7A80021F350 /* Build configuration list for PBXProject "DownloadCenter" */ = {
			isa = XCConfigurationList;
			buildConfigurations = (
				5C4AC34520FDD7AA0021F350 /* Debug */,
				5C4AC34620FDD7AA0021F350 /* Release */,
			);
			defaultConfigurationIsVisible = 0;
			defaultConfigurationName = Release;
		};
		5C4AC34720FDD7AA0021F350 /* Build configuration list for PBXNativeTarget "DownloadCenter" */ = {
			isa = XCConfigurationList;
			buildConfigurations = (
				5C4AC34820FDD7AA0021F350 /* Debug */,
				5C4AC34920FDD7AA0021F350 /* Release */,
			);
			defaultConfigurationIsVisible = 0;
			defaultConfigurationName = Release;
		};
		5C4AC34A20FDD7AA0021F350 /* Build configuration list for PBXNativeTarget "DownloadCenterTests" */ = {
			isa = XCConfigurationList;
			buildConfigurations = (
				5C4AC34B20FDD7AA0021F350 /* Debug */,
				5C4AC34C20FDD7AA0021F350 /* Release */,
			);
			defaultConfigurationIsVisible = 0;
			defaultConfigurationName = Release;
		};
		5C4AC34D20FDD7AA0021F350 /* Build configuration list for PBXNativeTarget "DownloadCenterUITests" */ = {
			isa = XCConfigurationList;
			buildConfigurations = (
				5C4AC34E20FDD7AA0021F350 /* Debug */,
				5C4AC34F20FDD7AA0021F350 /* Release */,
			);
			defaultConfigurationIsVisible = 0;
			defaultConfigurationName = Release;
		};
/* End XCConfigurationList section */
	};
	rootObject = 5C4AC31720FDD7A80021F350 /* Project object */;
}
